
Microsoft Visual Studio Solution File, Format Version 12.00
# Visual Studio 15
VisualStudioVersion = 15.0.28307.271
MinimumVisualStudioVersion = 10.0.40219.1
Project("{FAE04EC0-301F-11D3-BF4B-00C04F79EFBC}") = "DataAccessLayer", "Backend\DataAccessLayer.csproj", "{9EFA3452-6A02-44A1-843D-92CCFB029063}"
EndProject
Project("{FAE04EC0-301F-11D3-BF4B-00C04F79EFBC}") = "ServiceLayer", "ServiceLayer\ServiceLayer.csproj", "{A4094764-0DED-4C04-A3AE-93FC682261CF}"
EndProject
Global
	GlobalSection(SolutionConfigurationPlatforms) = preSolution
		Debug|Any CPU = Debug|Any CPU
		Release|Any CPU = Release|Any CPU
	EndGlobalSection
	GlobalSection(ProjectConfigurationPlatforms) = postSolution
		{9EFA3452-6A02-44A1-843D-92CCFB029063}.Debug|Any CPU.ActiveCfg = Debug|Any CPU
		{9EFA3452-6A02-44A1-843D-92CCFB029063}.Debug|Any CPU.Build.0 = Debug|Any CPU
		{9EFA3452-6A02-44A1-843D-92CCFB029063}.Release|Any CPU.ActiveCfg = Release|Any CPU
		{9EFA3452-6A02-44A1-843D-92CCFB029063}.Release|Any CPU.Build.0 = Release|Any CPU
		{A4094764-0DED-4C04-A3AE-93FC682261CF}.Debug|Any CPU.ActiveCfg = Debug|Any CPU
		{A4094764-0DED-4C04-A3AE-93FC682261CF}.Debug|Any CPU.Build.0 = Debug|Any CPU
		{A4094764-0DED-4C04-A3AE-93FC682261CF}.Release|Any CPU.ActiveCfg = Release|Any CPU
		{A4094764-0DED-4C04-A3AE-93FC682261CF}.Release|Any CPU.Build.0 = Release|Any CPU
	EndGlobalSection
	GlobalSection(SolutionProperties) = preSolution
		HideSolutionNode = FALSE
	EndGlobalSection
	GlobalSection(ExtensibilityGlobals) = postSolution
		SolutionGuid = {34A2CA6A-1D33-4303-9873-6E6F5E6F6F4C}
	EndGlobalSection
EndGlobal
