
Microsoft Visual Studio Solution File, Format Version 12.00
# Visual Studio 15
VisualStudioVersion = 15.0.28010.2046
MinimumVisualStudioVersion = 10.0.40219.1
Project("{FAE04EC0-301F-11D3-BF4B-00C04F79EFBC}") = "GreetNGroup", "GreetNGroup\GreetNGroup.csproj", "{1F2878A6-8928-4B7F-8C67-83B7349CE1F7}"
EndProject
Project("{FAE04EC0-301F-11D3-BF4B-00C04F79EFBC}") = "UnitTest", "UnitTest\UnitTest.csproj", "{4B329C73-194F-4960-972D-486AFEA7FF37}"
EndProject
Project("{00D1A9C2-B5F0-4AF3-8072-F6C62B433612}") = "Database1", "Database1\Database1.sqlproj", "{75E8769E-ABE9-4478-A753-67636616AA2D}"
EndProject
Global
	GlobalSection(SolutionConfigurationPlatforms) = preSolution
		Debug|Any CPU = Debug|Any CPU
		Release|Any CPU = Release|Any CPU
	EndGlobalSection
	GlobalSection(ProjectConfigurationPlatforms) = postSolution
		{1F2878A6-8928-4B7F-8C67-83B7349CE1F7}.Debug|Any CPU.ActiveCfg = Debug|Any CPU
		{1F2878A6-8928-4B7F-8C67-83B7349CE1F7}.Debug|Any CPU.Build.0 = Debug|Any CPU
		{1F2878A6-8928-4B7F-8C67-83B7349CE1F7}.Release|Any CPU.ActiveCfg = Release|Any CPU
		{1F2878A6-8928-4B7F-8C67-83B7349CE1F7}.Release|Any CPU.Build.0 = Release|Any CPU
		{4B329C73-194F-4960-972D-486AFEA7FF37}.Debug|Any CPU.ActiveCfg = Debug|Any CPU
		{4B329C73-194F-4960-972D-486AFEA7FF37}.Debug|Any CPU.Build.0 = Debug|Any CPU
		{4B329C73-194F-4960-972D-486AFEA7FF37}.Release|Any CPU.ActiveCfg = Release|Any CPU
		{4B329C73-194F-4960-972D-486AFEA7FF37}.Release|Any CPU.Build.0 = Release|Any CPU
		{75E8769E-ABE9-4478-A753-67636616AA2D}.Debug|Any CPU.ActiveCfg = Debug|Any CPU
		{75E8769E-ABE9-4478-A753-67636616AA2D}.Debug|Any CPU.Build.0 = Debug|Any CPU
		{75E8769E-ABE9-4478-A753-67636616AA2D}.Debug|Any CPU.Deploy.0 = Debug|Any CPU
		{75E8769E-ABE9-4478-A753-67636616AA2D}.Release|Any CPU.ActiveCfg = Release|Any CPU
		{75E8769E-ABE9-4478-A753-67636616AA2D}.Release|Any CPU.Build.0 = Release|Any CPU
		{75E8769E-ABE9-4478-A753-67636616AA2D}.Release|Any CPU.Deploy.0 = Release|Any CPU
	EndGlobalSection
	GlobalSection(SolutionProperties) = preSolution
		HideSolutionNode = FALSE
	EndGlobalSection
	GlobalSection(ExtensibilityGlobals) = postSolution
		SolutionGuid = {52FFF7CD-2438-490B-AF79-AD3F21E870C5}
	EndGlobalSection
EndGlobal
